
Microsoft Visual Studio Solution File, Format Version 12.00
# Visual Studio Version 17
VisualStudioVersion = 17.0.31903.59
MinimumVisualStudioVersion = 10.0.40219.1
Project("{9A19103F-16F7-4668-BE54-9A1E7A4F7556}") = "WoWTCGAPI", "WoWTCGAPI\WoWTCGAPI.csproj", "{CFAC8782-157B-4F98-AD66-7E4104AAD4D9}"
EndProject
Project("{FAE04EC0-301F-11D3-BF4B-00C04F79EFBC}") = "WowTCGAPITests", "WowTCGAPITests\WowTCGAPITests.csproj", "{362B5A63-0950-4D11-9426-47804D4D36D9}"
EndProject
Global
	GlobalSection(SolutionConfigurationPlatforms) = preSolution
		Debug|Any CPU = Debug|Any CPU
		Release|Any CPU = Release|Any CPU
	EndGlobalSection
	GlobalSection(ProjectConfigurationPlatforms) = postSolution
		{CFAC8782-157B-4F98-AD66-7E4104AAD4D9}.Debug|Any CPU.ActiveCfg = Debug|Any CPU
		{CFAC8782-157B-4F98-AD66-7E4104AAD4D9}.Debug|Any CPU.Build.0 = Debug|Any CPU
		{CFAC8782-157B-4F98-AD66-7E4104AAD4D9}.Release|Any CPU.ActiveCfg = Release|Any CPU
		{CFAC8782-157B-4F98-AD66-7E4104AAD4D9}.Release|Any CPU.Build.0 = Release|Any CPU
		{362B5A63-0950-4D11-9426-47804D4D36D9}.Debug|Any CPU.ActiveCfg = Debug|Any CPU
		{362B5A63-0950-4D11-9426-47804D4D36D9}.Debug|Any CPU.Build.0 = Debug|Any CPU
		{362B5A63-0950-4D11-9426-47804D4D36D9}.Release|Any CPU.ActiveCfg = Release|Any CPU
		{362B5A63-0950-4D11-9426-47804D4D36D9}.Release|Any CPU.Build.0 = Release|Any CPU
	EndGlobalSection
	GlobalSection(SolutionProperties) = preSolution
		HideSolutionNode = FALSE
	EndGlobalSection
	GlobalSection(ExtensibilityGlobals) = postSolution
		SolutionGuid = {20537A26-FB87-4E56-8833-CDB384685B90}
	EndGlobalSection
EndGlobal
